# THIS IS AN AUTOGENERATED FILE. DO NOT EDIT THIS FILE DIRECTLY.
# yarn lockfile v1


ajax-hook@^2.0.3:
  version "2.0.3"
  resolved "https://registry.yarnpkg.com/ajax-hook/-/ajax-hook-2.0.3.tgz#e9ceced02f940f6223123c7dc90fe2062d417c18"
  integrity sha512-b72lbaLN3FOXlMrO7xeAnWqOcNwp9Z8Gi1+WrnntbP9BcNFpg0P4i/SLAOqoO8VX5DNck3qmdW4rzK0iSRwoHg==
